
Microsoft Visual Studio Solution File, Format Version 12.00
# Visual Studio 15
VisualStudioVersion = 15.0.26228.9
MinimumVisualStudioVersion = 10.0.40219.1
Project("{FAE04EC0-301F-11D3-BF4B-00C04F79EFBC}") = "MyThreadedTcpServer", "MyThreadedTcpServer\MyThreadedTcpServer.csproj", "{740C797A-C851-4F2C-A509-E4EF8081833C}"
EndProject
Project("{FAE04EC0-301F-11D3-BF4B-00C04F79EFBC}") = "ConsoleApp1", "ConsoleApp1\ConsoleApp1.csproj", "{8FA2871F-6BB9-4446-9EE5-2C694F9DDBA9}"
EndProject
Project("{FAE04EC0-301F-11D3-BF4B-00C04F79EFBC}") = "ConsoleApp2", "ConsoleApp2\ConsoleApp2.csproj", "{EF5DDCBD-914B-47ED-BF4D-B0B318AC7395}"
EndProject
Project("{FAE04EC0-301F-11D3-BF4B-00C04F79EFBC}") = "ClassLibrary1", "ClassLibrary1\ClassLibrary1.csproj", "{65828E1B-E7AE-4ADF-8A5F-8BF6E89421F1}"
EndProject
Global
	GlobalSection(SolutionConfigurationPlatforms) = preSolution
		Debug|Any CPU = Debug|Any CPU
		Release|Any CPU = Release|Any CPU
	EndGlobalSection
	GlobalSection(ProjectConfigurationPlatforms) = postSolution
		{740C797A-C851-4F2C-A509-E4EF8081833C}.Debug|Any CPU.ActiveCfg = Debug|Any CPU
		{740C797A-C851-4F2C-A509-E4EF8081833C}.Debug|Any CPU.Build.0 = Debug|Any CPU
		{740C797A-C851-4F2C-A509-E4EF8081833C}.Release|Any CPU.ActiveCfg = Release|Any CPU
		{740C797A-C851-4F2C-A509-E4EF8081833C}.Release|Any CPU.Build.0 = Release|Any CPU
		{8FA2871F-6BB9-4446-9EE5-2C694F9DDBA9}.Debug|Any CPU.ActiveCfg = Debug|Any CPU
		{8FA2871F-6BB9-4446-9EE5-2C694F9DDBA9}.Debug|Any CPU.Build.0 = Debug|Any CPU
		{8FA2871F-6BB9-4446-9EE5-2C694F9DDBA9}.Release|Any CPU.ActiveCfg = Release|Any CPU
		{8FA2871F-6BB9-4446-9EE5-2C694F9DDBA9}.Release|Any CPU.Build.0 = Release|Any CPU
		{EF5DDCBD-914B-47ED-BF4D-B0B318AC7395}.Debug|Any CPU.ActiveCfg = Debug|Any CPU
		{EF5DDCBD-914B-47ED-BF4D-B0B318AC7395}.Debug|Any CPU.Build.0 = Debug|Any CPU
		{EF5DDCBD-914B-47ED-BF4D-B0B318AC7395}.Release|Any CPU.ActiveCfg = Release|Any CPU
		{EF5DDCBD-914B-47ED-BF4D-B0B318AC7395}.Release|Any CPU.Build.0 = Release|Any CPU
		{65828E1B-E7AE-4ADF-8A5F-8BF6E89421F1}.Debug|Any CPU.ActiveCfg = Debug|Any CPU
		{65828E1B-E7AE-4ADF-8A5F-8BF6E89421F1}.Debug|Any CPU.Build.0 = Debug|Any CPU
		{65828E1B-E7AE-4ADF-8A5F-8BF6E89421F1}.Release|Any CPU.ActiveCfg = Release|Any CPU
		{65828E1B-E7AE-4ADF-8A5F-8BF6E89421F1}.Release|Any CPU.Build.0 = Release|Any CPU
	EndGlobalSection
	GlobalSection(SolutionProperties) = preSolution
		HideSolutionNode = FALSE
	EndGlobalSection
EndGlobal
